
Microsoft Visual Studio Solution File, Format Version 10.00
# Visual C# Express 2008
Project("{FAE04EC0-301F-11D3-BF4B-00C04F79EFBC}") = "SpeedTest", "SpeedTest\SpeedTest.csproj", "{FF595D50-A429-4ADF-85A6-D6CD58D13948}"
EndProject
Global
	GlobalSection(SolutionConfigurationPlatforms) = preSolution
		Debug|Any CPU = Debug|Any CPU
		Release|Any CPU = Release|Any CPU
	EndGlobalSection
	GlobalSection(ProjectConfigurationPlatforms) = postSolution
		{FF595D50-A429-4ADF-85A6-D6CD58D13948}.Debug|Any CPU.ActiveCfg = Debug|Any CPU
		{FF595D50-A429-4ADF-85A6-D6CD58D13948}.Debug|Any CPU.Build.0 = Debug|Any CPU
		{FF595D50-A429-4ADF-85A6-D6CD58D13948}.Release|Any CPU.ActiveCfg = Release|Any CPU
		{FF595D50-A429-4ADF-85A6-D6CD58D13948}.Release|Any CPU.Build.0 = Release|Any CPU
	EndGlobalSection
	GlobalSection(SolutionProperties) = preSolution
		HideSolutionNode = FALSE
	EndGlobalSection
EndGlobal
